// !$*UTF8*$!
{
	archiveVersion = 1;
	classes = {
	};
	objectVersion = 54;
	objects = {

/* Begin PBXBuildFile section */
		8838045E2BE0292400414051 /* sonido.mp3 in Resources */ = {isa = PBXBuildFile; fileRef = 8838045D2BE0292400414051 /* sonido.mp3 */; };
		883804602BE0292F00414051 /* pad-high-tension-and-suspense-background-filler-162365.mp3 in Resources */ = {isa = PBXBuildFile; fileRef = 8838045F2BE0292F00414051 /* pad-high-tension-and-suspense-background-filler-162365.mp3 */; };
		883EBB862BD023CD00C953AF /* fond copia.jpg in Resources */ = {isa = PBXBuildFile; fileRef = 883EBB852BD023CD00C953AF /* fond copia.jpg */; };
		884561A02BD84CB100AF62B1 /* BankerViewController.swift in Sources */ = {isa = PBXBuildFile; fileRef = 8845619F2BD84CB100AF62B1 /* BankerViewController.swift */; };
		884561A22BD850B900AF62B1 /* Jugador.swift in Sources */ = {isa = PBXBuildFile; fileRef = 884561A12BD850B900AF62B1 /* Jugador.swift */; };
		884561A42BD8549700AF62B1 /* open_case.png in Resources */ = {isa = PBXBuildFile; fileRef = 884561A32BD8549700AF62B1 /* open_case.png */; };
		884561A72BD854C000AF62B1 /* AVFoundation.framework in Frameworks */ = {isa = PBXBuildFile; fileRef = 884561A62BD854C000AF62B1 /* AVFoundation.framework */; };
		884561A92BD872BA00AF62B1 /* Maletin.swift in Sources */ = {isa = PBXBuildFile; fileRef = 884561A82BD872BA00AF62B1 /* Maletin.swift */; };
		884F3A5F2BC8412900D7867F /* SplashViewController.swift in Sources */ = {isa = PBXBuildFile; fileRef = 884F3A5E2BC8412900D7867F /* SplashViewController.swift */; };
		884F3A632BC8435D00D7867F /* MenuViewController.swift in Sources */ = {isa = PBXBuildFile; fileRef = 884F3A622BC8435D00D7867F /* MenuViewController.swift */; };
		884F3A652BC84CB600D7867F /* letsstar.jpeg in Resources */ = {isa = PBXBuildFile; fileRef = 884F3A642BC84CB600D7867F /* letsstar.jpeg */; };
		884F3A672BC84CEC00D7867F /* SplashPlayViewController.swift in Sources */ = {isa = PBXBuildFile; fileRef = 884F3A662BC84CEC00D7867F /* SplashPlayViewController.swift */; };
		887EB4592BDB3DE500181AE1 /* RecordsViewController.swift in Sources */ = {isa = PBXBuildFile; fileRef = 887EB4582BDB3DE500181AE1 /* RecordsViewController.swift */; };
		88A1A29F2BC974CC005347D8 /* MaletinesViewController.swift in Sources */ = {isa = PBXBuildFile; fileRef = 88A1A29E2BC974CC005347D8 /* MaletinesViewController.swift */; };
		88A1A2A12BC99C14005347D8 /* mujer.jpeg in Resources */ = {isa = PBXBuildFile; fileRef = 88A1A2A02BC99C14005347D8 /* mujer.jpeg */; };
		88A1A2A32BC9A6CF005347D8 /* MaletinabiertoViewController.swift in Sources */ = {isa = PBXBuildFile; fileRef = 88A1A2A22BC9A6CF005347D8 /* MaletinabiertoViewController.swift */; };
		88A1A2A52BC9C919005347D8 /* DineroViewController.swift in Sources */ = {isa = PBXBuildFile; fileRef = 88A1A2A42BC9C919005347D8 /* DineroViewController.swift */; };
		88CFCB822BA3965800537697 /* AppDelegate.swift in Sources */ = {isa = PBXBuildFile; fileRef = 88CFCB812BA3965800537697 /* AppDelegate.swift */; };
		88CFCB842BA3965800537697 /* SceneDelegate.swift in Sources */ = {isa = PBXBuildFile; fileRef = 88CFCB832BA3965800537697 /* SceneDelegate.swift */; };
		88CFCB862BA3965800537697 /* ViewController.swift in Sources */ = {isa = PBXBuildFile; fileRef = 88CFCB852BA3965800537697 /* ViewController.swift */; };
		88CFCB892BA3965800537697 /* Main.storyboard in Resources */ = {isa = PBXBuildFile; fileRef = 88CFCB872BA3965800537697 /* Main.storyboard */; };
		88CFCB8B2BA3965900537697 /* Assets.xcassets in Resources */ = {isa = PBXBuildFile; fileRef = 88CFCB8A2BA3965900537697 /* Assets.xcassets */; };
		88CFCB8E2BA3965900537697 /* LaunchScreen.storyboard in Resources */ = {isa = PBXBuildFile; fileRef = 88CFCB8C2BA3965900537697 /* LaunchScreen.storyboard */; };
		88FB6C132BDBE88A008ED25B /* Record.swift in Sources */ = {isa = PBXBuildFile; fileRef = 88FB6C122BDBE88A008ED25B /* Record.swift */; };
		88FB6C1B2BDCA84A008ED25B /* Deal_or_No_Deal_Logo_2024.jpg in Resources */ = {isa = PBXBuildFile; fileRef = 88FB6C1A2BDCA84A008ED25B /* Deal_or_No_Deal_Logo_2024.jpg */; };
		88FB6C1D2BDCA85B008ED25B /* fond.jpg in Resources */ = {isa = PBXBuildFile; fileRef = 88FB6C1C2BDCA85B008ED25B /* fond.jpg */; };
		88FB6C1F2BDCA869008ED25B /* maletin.jpg in Resources */ = {isa = PBXBuildFile; fileRef = 88FB6C1E2BDCA869008ED25B /* maletin.jpg */; };
		88FB6C212BDCA8CA008ED25B /* logodeal.png in Resources */ = {isa = PBXBuildFile; fileRef = 88FB6C202BDCA8CA008ED25B /* logodeal.png */; };
		88FB6C2E2BDCAB19008ED25B /* new-york-skyline-203813.mp3 in Resources */ = {isa = PBXBuildFile; fileRef = 88FB6C2D2BDCAB19008ED25B /* new-york-skyline-203813.mp3 */; };
		88FB6C302BDCAB69008ED25B /* no-luck-too-bad-disappointing-sound-effect-112943.mp3 in Resources */ = {isa = PBXBuildFile; fileRef = 88FB6C2F2BDCAB69008ED25B /* no-luck-too-bad-disappointing-sound-effect-112943.mp3 */; };
		88FB6C342BDCABB2008ED25B /* Old victory sound roblox.mp3 in Resources */ = {isa = PBXBuildFile; fileRef = 88FB6C332BDCABB2008ED25B /* Old victory sound roblox.mp3 */; };
		E8E011522BC9AAA300AE8700 /* DrQJpS5WoAIP0rP.jpeg in Resources */ = {isa = PBXBuildFile; fileRef = E8E011512BC9AAA300AE8700 /* DrQJpS5WoAIP0rP.jpeg */; };
		E8E011552BC9AE8A00AE8700 /* Banker.storyboard in Resources */ = {isa = PBXBuildFile; fileRef = E8E011542BC9AE8A00AE8700 /* Banker.storyboard */; };
/* End PBXBuildFile section */

/* Begin PBXFileReference section */
		8838045D2BE0292400414051 /* sonido.mp3 */ = {isa = PBXFileReference; lastKnownFileType = audio.mp3; name = sonido.mp3; path = "../../../../../Music/Music/Media.localized/Music/Unknown Artist/Unknown Album/sonido.mp3"; sourceTree = "<group>"; };
		8838045F2BE0292F00414051 /* pad-high-tension-and-suspense-background-filler-162365.mp3 */ = {isa = PBXFileReference; lastKnownFileType = audio.mp3; name = "pad-high-tension-and-suspense-background-filler-162365.mp3"; path = "../../../../../Music/Music/Media.localized/Music/Unknown Artist/Unknown Album/pad-high-tension-and-suspense-background-filler-162365.mp3"; sourceTree = "<group>"; };
		883EBB852BD023CD00C953AF /* fond copia.jpg */ = {isa = PBXFileReference; lastKnownFileType = image.jpeg; path = "fond copia.jpg"; sourceTree = "<group>"; };
		8845619F2BD84CB100AF62B1 /* BankerViewController.swift */ = {isa = PBXFileReference; lastKnownFileType = sourcecode.swift; path = BankerViewController.swift; sourceTree = "<group>"; };
		884561A12BD850B900AF62B1 /* Jugador.swift */ = {isa = PBXFileReference; lastKnownFileType = sourcecode.swift; path = Jugador.swift; sourceTree = "<group>"; };
		884561A32BD8549700AF62B1 /* open_case.png */ = {isa = PBXFileReference; lastKnownFileType = image.png; path = open_case.png; sourceTree = "<group>"; };
		884561A62BD854C000AF62B1 /* AVFoundation.framework */ = {isa = PBXFileReference; lastKnownFileType = wrapper.framework; name = AVFoundation.framework; path = System/Library/Frameworks/AVFoundation.framework; sourceTree = SDKROOT; };
		884561A82BD872BA00AF62B1 /* Maletin.swift */ = {isa = PBXFileReference; lastKnownFileType = sourcecode.swift; path = Maletin.swift; sourceTree = "<group>"; };
		884F3A5E2BC8412900D7867F /* SplashViewController.swift */ = {isa = PBXFileReference; lastKnownFileType = sourcecode.swift; path = SplashViewController.swift; sourceTree = "<group>"; };
		884F3A622BC8435D00D7867F /* MenuViewController.swift */ = {isa = PBXFileReference; lastKnownFileType = sourcecode.swift; path = MenuViewController.swift; sourceTree = "<group>"; };
		884F3A642BC84CB600D7867F /* letsstar.jpeg */ = {isa = PBXFileReference; lastKnownFileType = image.jpeg; path = letsstar.jpeg; sourceTree = "<group>"; };
		884F3A662BC84CEC00D7867F /* SplashPlayViewController.swift */ = {isa = PBXFileReference; lastKnownFileType = sourcecode.swift; path = SplashPlayViewController.swift; sourceTree = "<group>"; };
		887EB4582BDB3DE500181AE1 /* RecordsViewController.swift */ = {isa = PBXFileReference; lastKnownFileType = sourcecode.swift; path = RecordsViewController.swift; sourceTree = "<group>"; };
		88A1A29E2BC974CC005347D8 /* MaletinesViewController.swift */ = {isa = PBXFileReference; lastKnownFileType = sourcecode.swift; path = MaletinesViewController.swift; sourceTree = "<group>"; };
		88A1A2A02BC99C14005347D8 /* mujer.jpeg */ = {isa = PBXFileReference; lastKnownFileType = image.jpeg; path = mujer.jpeg; sourceTree = "<group>"; };
		88A1A2A22BC9A6CF005347D8 /* MaletinabiertoViewController.swift */ = {isa = PBXFileReference; lastKnownFileType = sourcecode.swift; path = MaletinabiertoViewController.swift; sourceTree = "<group>"; };
		88A1A2A42BC9C919005347D8 /* DineroViewController.swift */ = {isa = PBXFileReference; lastKnownFileType = sourcecode.swift; path = DineroViewController.swift; sourceTree = "<group>"; };
		88CFCB7E2BA3965800537697 /* deadordeal2.0.app */ = {isa = PBXFileReference; explicitFileType = wrapper.application; includeInIndex = 0; path = deadordeal2.0.app; sourceTree = BUILT_PRODUCTS_DIR; };
		88CFCB812BA3965800537697 /* AppDelegate.swift */ = {isa = PBXFileReference; lastKnownFileType = sourcecode.swift; path = AppDelegate.swift; sourceTree = "<group>"; };
		88CFCB832BA3965800537697 /* SceneDelegate.swift */ = {isa = PBXFileReference; lastKnownFileType = sourcecode.swift; path = SceneDelegate.swift; sourceTree = "<group>"; };
		88CFCB852BA3965800537697 /* ViewController.swift */ = {isa = PBXFileReference; lastKnownFileType = sourcecode.swift; path = ViewController.swift; sourceTree = "<group>"; };
		88CFCB882BA3965800537697 /* Base */ = {isa = PBXFileReference; lastKnownFileType = file.storyboard; name = Base; path = Base.lproj/Main.storyboard; sourceTree = "<group>"; };
		88CFCB8A2BA3965900537697 /* Assets.xcassets */ = {isa = PBXFileReference; lastKnownFileType = folder.assetcatalog; path = Assets.xcassets; sourceTree = "<group>"; };
		88CFCB8D2BA3965900537697 /* Base */ = {isa = PBXFileReference; lastKnownFileType = file.storyboard; name = Base; path = Base.lproj/LaunchScreen.storyboard; sourceTree = "<group>"; };
		88CFCB8F2BA3965900537697 /* Info.plist */ = {isa = PBXFileReference; lastKnownFileType = text.plist.xml; path = Info.plist; sourceTree = "<group>"; };
		88FB6C122BDBE88A008ED25B /* Record.swift */ = {isa = PBXFileReference; lastKnownFileType = sourcecode.swift; path = Record.swift; sourceTree = "<group>"; };
		88FB6C1A2BDCA84A008ED25B /* Deal_or_No_Deal_Logo_2024.jpg */ = {isa = PBXFileReference; lastKnownFileType = image.jpeg; path = Deal_or_No_Deal_Logo_2024.jpg; sourceTree = "<group>"; };
		88FB6C1C2BDCA85B008ED25B /* fond.jpg */ = {isa = PBXFileReference; lastKnownFileType = image.jpeg; path = fond.jpg; sourceTree = "<group>"; };
		88FB6C1E2BDCA869008ED25B /* maletin.jpg */ = {isa = PBXFileReference; lastKnownFileType = image.jpeg; path = maletin.jpg; sourceTree = "<group>"; };
		88FB6C202BDCA8CA008ED25B /* logodeal.png */ = {isa = PBXFileReference; lastKnownFileType = image.png; path = logodeal.png; sourceTree = "<group>"; };
		88FB6C2D2BDCAB19008ED25B /* new-york-skyline-203813.mp3 */ = {isa = PBXFileReference; lastKnownFileType = audio.mp3; path = "new-york-skyline-203813.mp3"; sourceTree = "<group>"; };
		88FB6C2F2BDCAB69008ED25B /* no-luck-too-bad-disappointing-sound-effect-112943.mp3 */ = {isa = PBXFileReference; lastKnownFileType = audio.mp3; path = "no-luck-too-bad-disappointing-sound-effect-112943.mp3"; sourceTree = "<group>"; };
		88FB6C332BDCABB2008ED25B /* Old victory sound roblox.mp3 */ = {isa = PBXFileReference; lastKnownFileType = audio.mp3; path = "Old victory sound roblox.mp3"; sourceTree = "<group>"; };
		E8E011512BC9AAA300AE8700 /* DrQJpS5WoAIP0rP.jpeg */ = {isa = PBXFileReference; lastKnownFileType = image.jpeg; path = DrQJpS5WoAIP0rP.jpeg; sourceTree = "<group>"; };
		E8E011542BC9AE8A00AE8700 /* Banker.storyboard */ = {isa = PBXFileReference; lastKnownFileType = file.storyboard; path = Banker.storyboard; sourceTree = "<group>"; };
/* End PBXFileReference section */

/* Begin PBXFrameworksBuildPhase section */
		88CFCB7B2BA3965800537697 /* Frameworks */ = {
			isa = PBXFrameworksBuildPhase;
			buildActionMask = 2147483647;
			files = (
				884561A72BD854C000AF62B1 /* AVFoundation.framework in Frameworks */,
			);
			runOnlyForDeploymentPostprocessing = 0;
		};
/* End PBXFrameworksBuildPhase section */

/* Begin PBXGroup section */
		884561A52BD854C000AF62B1 /* Frameworks */ = {
			isa = PBXGroup;
			children = (
				884561A62BD854C000AF62B1 /* AVFoundation.framework */,
			);
			name = Frameworks;
			sourceTree = "<group>";
		};
		88CFCB752BA3965800537697 = {
			isa = PBXGroup;
			children = (
				88CFCB802BA3965800537697 /* deadordeal2.0 */,
				88CFCB7F2BA3965800537697 /* Products */,
				884561A52BD854C000AF62B1 /* Frameworks */,
			);
			sourceTree = "<group>";
		};
		88CFCB7F2BA3965800537697 /* Products */ = {
			isa = PBXGroup;
			children = (
				88CFCB7E2BA3965800537697 /* deadordeal2.0.app */,
			);
			name = Products;
			sourceTree = "<group>";
		};
		88CFCB802BA3965800537697 /* deadordeal2.0 */ = {
			isa = PBXGroup;
			children = (
				88FB6C242BDCA907008ED25B /* audios */,
				88CFCB952BA397D900537697 /* images */,
				88CFCB812BA3965800537697 /* AppDelegate.swift */,
				88CFCB832BA3965800537697 /* SceneDelegate.swift */,
				884561A12BD850B900AF62B1 /* Jugador.swift */,
				884F3A662BC84CEC00D7867F /* SplashPlayViewController.swift */,
				88A1A29E2BC974CC005347D8 /* MaletinesViewController.swift */,
				8845619F2BD84CB100AF62B1 /* BankerViewController.swift */,
				88CFCB852BA3965800537697 /* ViewController.swift */,
				88A1A2A22BC9A6CF005347D8 /* MaletinabiertoViewController.swift */,
				884561A82BD872BA00AF62B1 /* Maletin.swift */,
				887EB4582BDB3DE500181AE1 /* RecordsViewController.swift */,
				88FB6C122BDBE88A008ED25B /* Record.swift */,
				88CFCB872BA3965800537697 /* Main.storyboard */,
				88A1A2A42BC9C919005347D8 /* DineroViewController.swift */,
				884F3A622BC8435D00D7867F /* MenuViewController.swift */,
				884F3A5E2BC8412900D7867F /* SplashViewController.swift */,
				88CFCB8A2BA3965900537697 /* Assets.xcassets */,
				E8E011512BC9AAA300AE8700 /* DrQJpS5WoAIP0rP.jpeg */,
				88CFCB8C2BA3965900537697 /* LaunchScreen.storyboard */,
				E8E011542BC9AE8A00AE8700 /* Banker.storyboard */,
				88CFCB8F2BA3965900537697 /* Info.plist */,
			);
			path = deadordeal2.0;
			sourceTree = "<group>";
		};
		88CFCB952BA397D900537697 /* images */ = {
			isa = PBXGroup;
			children = (
				88FB6C202BDCA8CA008ED25B /* logodeal.png */,
				88FB6C1E2BDCA869008ED25B /* maletin.jpg */,
				88FB6C1C2BDCA85B008ED25B /* fond.jpg */,
				88FB6C1A2BDCA84A008ED25B /* Deal_or_No_Deal_Logo_2024.jpg */,
				884561A32BD8549700AF62B1 /* open_case.png */,
				883EBB852BD023CD00C953AF /* fond copia.jpg */,
				88A1A2A02BC99C14005347D8 /* mujer.jpeg */,
				884F3A642BC84CB600D7867F /* letsstar.jpeg */,
			);
			path = images;
			sourceTree = "<group>";
		};
		88FB6C242BDCA907008ED25B /* audios */ = {
			isa = PBXGroup;
			children = (
				8838045F2BE0292F00414051 /* pad-high-tension-and-suspense-background-filler-162365.mp3 */,
				8838045D2BE0292400414051 /* sonido.mp3 */,
				88FB6C332BDCABB2008ED25B /* Old victory sound roblox.mp3 */,
				88FB6C2F2BDCAB69008ED25B /* no-luck-too-bad-disappointing-sound-effect-112943.mp3 */,
				88FB6C2D2BDCAB19008ED25B /* new-york-skyline-203813.mp3 */,
			);
			path = audios;
			sourceTree = "<group>";
		};
/* End PBXGroup section */

/* Begin PBXNativeTarget section */
		88CFCB7D2BA3965800537697 /* deadordeal2.0 */ = {
			isa = PBXNativeTarget;
			buildConfigurationList = 88CFCB922BA3965900537697 /* Build configuration list for PBXNativeTarget "deadordeal2.0" */;
			buildPhases = (
				88CFCB7A2BA3965800537697 /* Sources */,
				88CFCB7B2BA3965800537697 /* Frameworks */,
				88CFCB7C2BA3965800537697 /* Resources */,
			);
			buildRules = (
			);
			dependencies = (
			);
			name = deadordeal2.0;
			productName = deadordeal2.0;
			productReference = 88CFCB7E2BA3965800537697 /* deadordeal2.0.app */;
			productType = "com.apple.product-type.application";
		};
/* End PBXNativeTarget section */

/* Begin PBXProject section */
		88CFCB762BA3965800537697 /* Project object */ = {
			isa = PBXProject;
			attributes = {
				BuildIndependentTargetsInParallel = 1;
				LastSwiftUpdateCheck = 1430;
				LastUpgradeCheck = 1430;
				TargetAttributes = {
					88CFCB7D2BA3965800537697 = {
						CreatedOnToolsVersion = 14.3.1;
					};
				};
			};
			buildConfigurationList = 88CFCB792BA3965800537697 /* Build configuration list for PBXProject "deadordeal2.0" */;
			compatibilityVersion = "Xcode 12.0";
			developmentRegion = en;
			hasScannedForEncodings = 0;
			knownRegions = (
				en,
				Base,
			);
			mainGroup = 88CFCB752BA3965800537697;
			productRefGroup = 88CFCB7F2BA3965800537697 /* Products */;
			projectDirPath = "";
			projectRoot = "";
			targets = (
				88CFCB7D2BA3965800537697 /* deadordeal2.0 */,
			);
		};
/* End PBXProject section */

/* Begin PBXResourcesBuildPhase section */
		88CFCB7C2BA3965800537697 /* Resources */ = {
			isa = PBXResourcesBuildPhase;
			buildActionMask = 2147483647;
			files = (
				883804602BE0292F00414051 /* pad-high-tension-and-suspense-background-filler-162365.mp3 in Resources */,
				884561A42BD8549700AF62B1 /* open_case.png in Resources */,
				8838045E2BE0292400414051 /* sonido.mp3 in Resources */,
				88A1A2A12BC99C14005347D8 /* mujer.jpeg in Resources */,
				88FB6C1D2BDCA85B008ED25B /* fond.jpg in Resources */,
				88CFCB8E2BA3965900537697 /* LaunchScreen.storyboard in Resources */,
				88CFCB8B2BA3965900537697 /* Assets.xcassets in Resources */,
				883EBB862BD023CD00C953AF /* fond copia.jpg in Resources */,
				88FB6C302BDCAB69008ED25B /* no-luck-too-bad-disappointing-sound-effect-112943.mp3 in Resources */,
				88CFCB892BA3965800537697 /* Main.storyboard in Resources */,
				88FB6C342BDCABB2008ED25B /* Old victory sound roblox.mp3 in Resources */,
				E8E011552BC9AE8A00AE8700 /* Banker.storyboard in Resources */,
				88FB6C1F2BDCA869008ED25B /* maletin.jpg in Resources */,
				E8E011522BC9AAA300AE8700 /* DrQJpS5WoAIP0rP.jpeg in Resources */,
				884F3A652BC84CB600D7867F /* letsstar.jpeg in Resources */,
				88FB6C1B2BDCA84A008ED25B /* Deal_or_No_Deal_Logo_2024.jpg in Resources */,
				88FB6C212BDCA8CA008ED25B /* logodeal.png in Resources */,
				88FB6C2E2BDCAB19008ED25B /* new-york-skyline-203813.mp3 in Resources */,
			);
			runOnlyForDeploymentPostprocessing = 0;
		};
/* End PBXResourcesBuildPhase section */

/* Begin PBXSourcesBuildPhase section */
		88CFCB7A2BA3965800537697 /* Sources */ = {
			isa = PBXSourcesBuildPhase;
			buildActionMask = 2147483647;
			files = (
				887EB4592BDB3DE500181AE1 /* RecordsViewController.swift in Sources */,
				88CFCB862BA3965800537697 /* ViewController.swift in Sources */,
				88A1A2A52BC9C919005347D8 /* DineroViewController.swift in Sources */,
				88A1A29F2BC974CC005347D8 /* MaletinesViewController.swift in Sources */,
				88FB6C132BDBE88A008ED25B /* Record.swift in Sources */,
				884F3A632BC8435D00D7867F /* MenuViewController.swift in Sources */,
				88CFCB822BA3965800537697 /* AppDelegate.swift in Sources */,
				884561A02BD84CB100AF62B1 /* BankerViewController.swift in Sources */,
				88A1A2A32BC9A6CF005347D8 /* MaletinabiertoViewController.swift in Sources */,
				884561A22BD850B900AF62B1 /* Jugador.swift in Sources */,
				88CFCB842BA3965800537697 /* SceneDelegate.swift in Sources */,
				884F3A5F2BC8412900D7867F /* SplashViewController.swift in Sources */,
				884561A92BD872BA00AF62B1 /* Maletin.swift in Sources */,
				884F3A672BC84CEC00D7867F /* SplashPlayViewController.swift in Sources */,
			);
			runOnlyForDeploymentPostprocessing = 0;
		};
/* End PBXSourcesBuildPhase section */

/* Begin PBXVariantGroup section */
		88CFCB872BA3965800537697 /* Main.storyboard */ = {
			isa = PBXVariantGroup;
			children = (
				88CFCB882BA3965800537697 /* Base */,
			);
			name = Main.storyboard;
			sourceTree = "<group>";
		};
		88CFCB8C2BA3965900537697 /* LaunchScreen.storyboard */ = {
			isa = PBXVariantGroup;
			children = (
				88CFCB8D2BA3965900537697 /* Base */,
			);
			name = LaunchScreen.storyboard;
			sourceTree = "<group>";
		};
/* End PBXVariantGroup section */

/* Begin XCBuildConfiguration section */
		88CFCB902BA3965900537697 /* Debug */ = {
			isa = XCBuildConfiguration;
			buildSettings = {
				ALWAYS_SEARCH_USER_PATHS = NO;
				CLANG_ANALYZER_NONNULL = YES;
				CLANG_ANALYZER_NUMBER_OBJECT_CONVERSION = YES_AGGRESSIVE;
				CLANG_CXX_LANGUAGE_STANDARD = "gnu++20";
				CLANG_ENABLE_MODULES = YES;
				CLANG_ENABLE_OBJC_ARC = YES;
				CLANG_ENABLE_OBJC_WEAK = YES;
				CLANG_WARN_BLOCK_CAPTURE_AUTORELEASING = YES;
				CLANG_WARN_BOOL_CONVERSION = YES;
				CLANG_WARN_COMMA = YES;
				CLANG_WARN_CONSTANT_CONVERSION = YES;
				CLANG_WARN_DEPRECATED_OBJC_IMPLEMENTATIONS = YES;
				CLANG_WARN_DIRECT_OBJC_ISA_USAGE = YES_ERROR;
				CLANG_WARN_DOCUMENTATION_COMMENTS = YES;
				CLANG_WARN_EMPTY_BODY = YES;
				CLANG_WARN_ENUM_CONVERSION = YES;
				CLANG_WARN_INFINITE_RECURSION = YES;
				CLANG_WARN_INT_CONVERSION = YES;
				CLANG_WARN_NON_LITERAL_NULL_CONVERSION = YES;
				CLANG_WARN_OBJC_IMPLICIT_RETAIN_SELF = YES;
				CLANG_WARN_OBJC_LITERAL_CONVERSION = YES;
				CLANG_WARN_OBJC_ROOT_CLASS = YES_ERROR;
				CLANG_WARN_QUOTED_INCLUDE_IN_FRAMEWORK_HEADER = YES;
				CLANG_WARN_RANGE_LOOP_ANALYSIS = YES;
				CLANG_WARN_STRICT_PROTOTYPES = YES;
				CLANG_WARN_SUSPICIOUS_MOVE = YES;
				CLANG_WARN_UNGUARDED_AVAILABILITY = YES_AGGRESSIVE;
				CLANG_WARN_UNREACHABLE_CODE = YES;
				CLANG_WARN__DUPLICATE_METHOD_MATCH = YES;
				COPY_PHASE_STRIP = NO;
				DEBUG_INFORMATION_FORMAT = dwarf;
				ENABLE_STRICT_OBJC_MSGSEND = YES;
				ENABLE_TESTABILITY = YES;
				GCC_C_LANGUAGE_STANDARD = gnu11;
				GCC_DYNAMIC_NO_PIC = NO;
				GCC_NO_COMMON_BLOCKS = YES;
				GCC_OPTIMIZATION_LEVEL = 0;
				GCC_PREPROCESSOR_DEFINITIONS = (
					"DEBUG=1",
					"$(inherited)",
				);
				GCC_WARN_64_TO_32_BIT_CONVERSION = YES;
				GCC_WARN_ABOUT_RETURN_TYPE = YES_ERROR;
				GCC_WARN_UNDECLARED_SELECTOR = YES;
				GCC_WARN_UNINITIALIZED_AUTOS = YES_AGGRESSIVE;
				GCC_WARN_UNUSED_FUNCTION = YES;
				GCC_WARN_UNUSED_VARIABLE = YES;
				IPHONEOS_DEPLOYMENT_TARGET = 16.4;
				MTL_ENABLE_DEBUG_INFO = INCLUDE_SOURCE;
				MTL_FAST_MATH = YES;
				ONLY_ACTIVE_ARCH = YES;
				SDKROOT = iphoneos;
				SWIFT_ACTIVE_COMPILATION_CONDITIONS = DEBUG;
				SWIFT_OPTIMIZATION_LEVEL = "-Onone";
			};
			name = Debug;
		};
		88CFCB912BA3965900537697 /* Release */ = {
			isa = XCBuildConfiguration;
			buildSettings = {
				ALWAYS_SEARCH_USER_PATHS = NO;
				CLANG_ANALYZER_NONNULL = YES;
				CLANG_ANALYZER_NUMBER_OBJECT_CONVERSION = YES_AGGRESSIVE;
				CLANG_CXX_LANGUAGE_STANDARD = "gnu++20";
				CLANG_ENABLE_MODULES = YES;
				CLANG_ENABLE_OBJC_ARC = YES;
				CLANG_ENABLE_OBJC_WEAK = YES;
				CLANG_WARN_BLOCK_CAPTURE_AUTORELEASING = YES;
				CLANG_WARN_BOOL_CONVERSION = YES;
				CLANG_WARN_COMMA = YES;
				CLANG_WARN_CONSTANT_CONVERSION = YES;
				CLANG_WARN_DEPRECATED_OBJC_IMPLEMENTATIONS = YES;
				CLANG_WARN_DIRECT_OBJC_ISA_USAGE = YES_ERROR;
				CLANG_WARN_DOCUMENTATION_COMMENTS = YES;
				CLANG_WARN_EMPTY_BODY = YES;
				CLANG_WARN_ENUM_CONVERSION = YES;
				CLANG_WARN_INFINITE_RECURSION = YES;
				CLANG_WARN_INT_CONVERSION = YES;
				CLANG_WARN_NON_LITERAL_NULL_CONVERSION = YES;
				CLANG_WARN_OBJC_IMPLICIT_RETAIN_SELF = YES;
				CLANG_WARN_OBJC_LITERAL_CONVERSION = YES;
				CLANG_WARN_OBJC_ROOT_CLASS = YES_ERROR;
				CLANG_WARN_QUOTED_INCLUDE_IN_FRAMEWORK_HEADER = YES;
				CLANG_WARN_RANGE_LOOP_ANALYSIS = YES;
				CLANG_WARN_STRICT_PROTOTYPES = YES;
				CLANG_WARN_SUSPICIOUS_MOVE = YES;
				CLANG_WARN_UNGUARDED_AVAILABILITY = YES_AGGRESSIVE;
				CLANG_WARN_UNREACHABLE_CODE = YES;
				CLANG_WARN__DUPLICATE_METHOD_MATCH = YES;
				COPY_PHASE_STRIP = NO;
				DEBUG_INFORMATION_FORMAT = "dwarf-with-dsym";
				ENABLE_NS_ASSERTIONS = NO;
				ENABLE_STRICT_OBJC_MSGSEND = YES;
				GCC_C_LANGUAGE_STANDARD = gnu11;
				GCC_NO_COMMON_BLOCKS = YES;
				GCC_WARN_64_TO_32_BIT_CONVERSION = YES;
				GCC_WARN_ABOUT_RETURN_TYPE = YES_ERROR;
				GCC_WARN_UNDECLARED_SELECTOR = YES;
				GCC_WARN_UNINITIALIZED_AUTOS = YES_AGGRESSIVE;
				GCC_WARN_UNUSED_FUNCTION = YES;
				GCC_WARN_UNUSED_VARIABLE = YES;
				IPHONEOS_DEPLOYMENT_TARGET = 16.4;
				MTL_ENABLE_DEBUG_INFO = NO;
				MTL_FAST_MATH = YES;
				SDKROOT = iphoneos;
				SWIFT_COMPILATION_MODE = wholemodule;
				SWIFT_OPTIMIZATION_LEVEL = "-O";
				VALIDATE_PRODUCT = YES;
			};
			name = Release;
		};
		88CFCB932BA3965900537697 /* Debug */ = {
			isa = XCBuildConfiguration;
			buildSettings = {
				ASSETCATALOG_COMPILER_APPICON_NAME = AppIcon;
				ASSETCATALOG_COMPILER_GLOBAL_ACCENT_COLOR_NAME = AccentColor;
				CODE_SIGN_STYLE = Automatic;
				CURRENT_PROJECT_VERSION = 1;
				DEVELOPMENT_TEAM = BK72F2PMQG;
				GENERATE_INFOPLIST_FILE = YES;
				INFOPLIST_FILE = deadordeal2.0/Info.plist;
				INFOPLIST_KEY_UIApplicationSupportsIndirectInputEvents = YES;
				INFOPLIST_KEY_UILaunchStoryboardName = LaunchScreen;
				INFOPLIST_KEY_UIMainStoryboardFile = Main;
				INFOPLIST_KEY_UISupportedInterfaceOrientations = "UIInterfaceOrientationPortrait UIInterfaceOrientationPortraitUpsideDown";
				IPHONEOS_DEPLOYMENT_TARGET = 14.1;
				LD_RUNPATH_SEARCH_PATHS = (
					"$(inherited)",
					"@executable_path/Frameworks",
				);
				MARKETING_VERSION = 1.0;
				PRODUCT_BUNDLE_IDENTIFIER = "UTT.deadordeal2-0";
				PRODUCT_NAME = "$(TARGET_NAME)";
				SWIFT_EMIT_LOC_STRINGS = YES;
				SWIFT_VERSION = 5.0;
				TARGETED_DEVICE_FAMILY = "1,2";
			};
			name = Debug;
		};
		88CFCB942BA3965900537697 /* Release */ = {
			isa = XCBuildConfiguration;
			buildSettings = {
				ASSETCATALOG_COMPILER_APPICON_NAME = AppIcon;
				ASSETCATALOG_COMPILER_GLOBAL_ACCENT_COLOR_NAME = AccentColor;
				CODE_SIGN_STYLE = Automatic;
				CURRENT_PROJECT_VERSION = 1;
				DEVELOPMENT_TEAM = BK72F2PMQG;
				GENERATE_INFOPLIST_FILE = YES;
				INFOPLIST_FILE = deadordeal2.0/Info.plist;
				INFOPLIST_KEY_UIApplicationSupportsIndirectInputEvents = YES;
				INFOPLIST_KEY_UILaunchStoryboardName = LaunchScreen;
				INFOPLIST_KEY_UIMainStoryboardFile = Main;
				INFOPLIST_KEY_UISupportedInterfaceOrientations = "UIInterfaceOrientationPortrait UIInterfaceOrientationPortraitUpsideDown";
				IPHONEOS_DEPLOYMENT_TARGET = 14.1;
				LD_RUNPATH_SEARCH_PATHS = (
					"$(inherited)",
					"@executable_path/Frameworks",
				);
				MARKETING_VERSION = 1.0;
				PRODUCT_BUNDLE_IDENTIFIER = "UTT.deadordeal2-0";
				PRODUCT_NAME = "$(TARGET_NAME)";
				SWIFT_EMIT_LOC_STRINGS = YES;
				SWIFT_VERSION = 5.0;
				TARGETED_DEVICE_FAMILY = "1,2";
			};
			name = Release;
		};
/* End XCBuildConfiguration section */

/* Begin XCConfigurationList section */
		88CFCB792BA3965800537697 /* Build configuration list for PBXProject "deadordeal2.0" */ = {
			isa = XCConfigurationList;
			buildConfigurations = (
				88CFCB902BA3965900537697 /* Debug */,
				88CFCB912BA3965900537697 /* Release */,
			);
			defaultConfigurationIsVisible = 0;
			defaultConfigurationName = Release;
		};
		88CFCB922BA3965900537697 /* Build configuration list for PBXNativeTarget "deadordeal2.0" */ = {
			isa = XCConfigurationList;
			buildConfigurations = (
				88CFCB932BA3965900537697 /* Debug */,
				88CFCB942BA3965900537697 /* Release */,
			);
			defaultConfigurationIsVisible = 0;
			defaultConfigurationName = Release;
		};
/* End XCConfigurationList section */
	};
	rootObject = 88CFCB762BA3965800537697 /* Project object */;
}
